// !$*UTF8*$!
{
	archiveVersion = 1;
	classes = {
	};
	objectVersion = 51;
	objects = {

/* Begin PBXBuildFile section */
		500BBAAB271594E600A5DFAA /* TaskOptionsTableViewController.swift in Sources */ = {isa = PBXBuildFile; fileRef = 500BBAAA271594E600A5DFAA /* TaskOptionsTableViewController.swift */; };
		500BBAAF27159DD200A5DFAA /* TaskColorsTableViewController.swift in Sources */ = {isa = PBXBuildFile; fileRef = 500BBAAE27159DD200A5DFAA /* TaskColorsTableViewController.swift */; };
		500BBAB12715A54B00A5DFAA /* ContactsTableViewController.swift in Sources */ = {isa = PBXBuildFile; fileRef = 500BBAB02715A54B00A5DFAA /* ContactsTableViewController.swift */; };
		500BBAB32715A66F00A5DFAA /* ContactsTableViewCell.swift in Sources */ = {isa = PBXBuildFile; fileRef = 500BBAB22715A66F00A5DFAA /* ContactsTableViewCell.swift */; };
		501B171D2702503500280F51 /* ScheduleViewController.swift in Sources */ = {isa = PBXBuildFile; fileRef = 501B171C2702503500280F51 /* ScheduleViewController.swift */; };
		501B171F2702504E00280F51 /* TasksViewController.swift in Sources */ = {isa = PBXBuildFile; fileRef = 501B171E2702504E00280F51 /* TasksViewController.swift */; };
		501B17232702549800280F51 /* SceneDelegate.swift in Sources */ = {isa = PBXBuildFile; fileRef = 501B17222702549800280F51 /* SceneDelegate.swift */; };
		501B24022707ACA1005C034E /* HeaderOptionsTableViewCell.swift in Sources */ = {isa = PBXBuildFile; fileRef = 501B24012707ACA1005C034E /* HeaderOptionsTableViewCell.swift */; };
		5048A223271A1377005B346D /* ScheduleModel.swift in Sources */ = {isa = PBXBuildFile; fileRef = 5048A222271A1377005B346D /* ScheduleModel.swift */; };
		5048A226271A15E6005B346D /* RealmManager.swift in Sources */ = {isa = PBXBuildFile; fileRef = 5048A225271A15E6005B346D /* RealmManager.swift */; };
		5048A228271A2138005B346D /* UIColor.swift in Sources */ = {isa = PBXBuildFile; fileRef = 5048A227271A2138005B346D /* UIColor.swift */; };
		5048A22A271A281B005B346D /* AlertOk.swift in Sources */ = {isa = PBXBuildFile; fileRef = 5048A229271A281B005B346D /* AlertOk.swift */; };
		5048A22C271F625E005B346D /* TaskModel.swift in Sources */ = {isa = PBXBuildFile; fileRef = 5048A22B271F625E005B346D /* TaskModel.swift */; };
		505C0C86270B851000D3C820 /* AlertDate.swift in Sources */ = {isa = PBXBuildFile; fileRef = 505C0C85270B851000D3C820 /* AlertDate.swift */; };
		505C0C88270B8D8800D3C820 /* AlertTime.swift in Sources */ = {isa = PBXBuildFile; fileRef = 505C0C87270B8D8800D3C820 /* AlertTime.swift */; };
		505C0C8A270B8F3100D3C820 /* AlertForCellName.swift in Sources */ = {isa = PBXBuildFile; fileRef = 505C0C89270B8F3100D3C820 /* AlertForCellName.swift */; };
		505C0C8C270B91D100D3C820 /* ScheduleColorsViewController.swift in Sources */ = {isa = PBXBuildFile; fileRef = 505C0C8B270B91D100D3C820 /* ScheduleColorsViewController.swift */; };
		505C0C92270B94AF00D3C820 /* UIAlertController.swift in Sources */ = {isa = PBXBuildFile; fileRef = 505C0C91270B94AF00D3C820 /* UIAlertController.swift */; };
		505C0C94270B98CC00D3C820 /* ColorsTableViewCell.swift in Sources */ = {isa = PBXBuildFile; fileRef = 505C0C93270B98CC00D3C820 /* ColorsTableViewCell.swift */; };
		5090491F2707A3860069110A /* ScheduleOptionsTableViewController.swift in Sources */ = {isa = PBXBuildFile; fileRef = 5090491E2707A3860069110A /* ScheduleOptionsTableViewController.swift */; };
		509049272707A67F0069110A /* OptionsTableViewCell.swift in Sources */ = {isa = PBXBuildFile; fileRef = 509049262707A67F0069110A /* OptionsTableViewCell.swift */; };
		509AD8AC27064D93005F21C9 /* UILabel.swift in Sources */ = {isa = PBXBuildFile; fileRef = 509AD8AB27064D93005F21C9 /* UILabel.swift */; };
		509AD8AE27065201005F21C9 /* UIFont.swift in Sources */ = {isa = PBXBuildFile; fileRef = 509AD8AD27065201005F21C9 /* UIFont.swift */; };
		509AD8B027065926005F21C9 /* TasksTableViewCell.swift in Sources */ = {isa = PBXBuildFile; fileRef = 509AD8AF27065926005F21C9 /* TasksTableViewCell.swift */; };
		509AD8B327066184005F21C9 /* PressButtonProtocols.swift in Sources */ = {isa = PBXBuildFile; fileRef = 509AD8B227066184005F21C9 /* PressButtonProtocols.swift */; };
		509C2B822718A68C00898FA3 /* ContactsOptionsTableViewController.swift in Sources */ = {isa = PBXBuildFile; fileRef = 509C2B812718A68C00898FA3 /* ContactsOptionsTableViewController.swift */; };
		509C2B842718A6E100898FA3 /* TeachersViewController.swift in Sources */ = {isa = PBXBuildFile; fileRef = 509C2B832718A6E100898FA3 /* TeachersViewController.swift */; };
		509C2B862718C9C300898FA3 /* AlertFriendOrTeacher.swift in Sources */ = {isa = PBXBuildFile; fileRef = 509C2B852718C9C300898FA3 /* AlertFriendOrTeacher.swift */; };
		509C2B88271A0B1E00898FA3 /* AlertPhotoCamera.swift in Sources */ = {isa = PBXBuildFile; fileRef = 509C2B87271A0B1E00898FA3 /* AlertPhotoCamera.swift */; };
		50B31535270269BA00F53349 /* ScheduleTableViewCell.swift in Sources */ = {isa = PBXBuildFile; fileRef = 50B31534270269BA00F53349 /* ScheduleTableViewCell.swift */; };
		50CD6E322703BE7B00A2E9F6 /* UIStackView.swift in Sources */ = {isa = PBXBuildFile; fileRef = 50CD6E312703BE7B00A2E9F6 /* UIStackView.swift */; };
		50F9D30627023A93008FF938 /* AppDelegate.swift in Sources */ = {isa = PBXBuildFile; fileRef = 50F9D30527023A93008FF938 /* AppDelegate.swift */; };
		50F9D30A27023A93008FF938 /* MainTabBarController.swift in Sources */ = {isa = PBXBuildFile; fileRef = 50F9D30927023A93008FF938 /* MainTabBarController.swift */; };
		50F9D30F27023A9C008FF938 /* Assets.xcassets in Resources */ = {isa = PBXBuildFile; fileRef = 50F9D30E27023A9C008FF938 /* Assets.xcassets */; };
		50F9D31227023A9C008FF938 /* LaunchScreen.storyboard in Resources */ = {isa = PBXBuildFile; fileRef = 50F9D31027023A9C008FF938 /* LaunchScreen.storyboard */; };
		B2AE446FCC7CC3737BDD0E20 /* Pods_MySchedule.framework in Frameworks */ = {isa = PBXBuildFile; fileRef = 7239618E38BE6EB8439677D9 /* Pods_MySchedule.framework */; };
/* End PBXBuildFile section */

/* Begin PBXFileReference section */
		500BBAAA271594E600A5DFAA /* TaskOptionsTableViewController.swift */ = {isa = PBXFileReference; lastKnownFileType = sourcecode.swift; path = TaskOptionsTableViewController.swift; sourceTree = "<group>"; };
		500BBAAE27159DD200A5DFAA /* TaskColorsTableViewController.swift */ = {isa = PBXFileReference; lastKnownFileType = sourcecode.swift; path = TaskColorsTableViewController.swift; sourceTree = "<group>"; };
		500BBAB02715A54B00A5DFAA /* ContactsTableViewController.swift */ = {isa = PBXFileReference; lastKnownFileType = sourcecode.swift; path = ContactsTableViewController.swift; sourceTree = "<group>"; };
		500BBAB22715A66F00A5DFAA /* ContactsTableViewCell.swift */ = {isa = PBXFileReference; lastKnownFileType = sourcecode.swift; path = ContactsTableViewCell.swift; sourceTree = "<group>"; };
		501B171C2702503500280F51 /* ScheduleViewController.swift */ = {isa = PBXFileReference; lastKnownFileType = sourcecode.swift; path = ScheduleViewController.swift; sourceTree = "<group>"; };
		501B171E2702504E00280F51 /* TasksViewController.swift */ = {isa = PBXFileReference; lastKnownFileType = sourcecode.swift; path = TasksViewController.swift; sourceTree = "<group>"; };
		501B17222702549800280F51 /* SceneDelegate.swift */ = {isa = PBXFileReference; lastKnownFileType = sourcecode.swift; path = SceneDelegate.swift; sourceTree = "<group>"; };
		501B24012707ACA1005C034E /* HeaderOptionsTableViewCell.swift */ = {isa = PBXFileReference; lastKnownFileType = sourcecode.swift; path = HeaderOptionsTableViewCell.swift; sourceTree = "<group>"; };
		5048A222271A1377005B346D /* ScheduleModel.swift */ = {isa = PBXFileReference; lastKnownFileType = sourcecode.swift; path = ScheduleModel.swift; sourceTree = "<group>"; };
		5048A225271A15E6005B346D /* RealmManager.swift */ = {isa = PBXFileReference; lastKnownFileType = sourcecode.swift; path = RealmManager.swift; sourceTree = "<group>"; };
		5048A227271A2138005B346D /* UIColor.swift */ = {isa = PBXFileReference; lastKnownFileType = sourcecode.swift; path = UIColor.swift; sourceTree = "<group>"; };
		5048A229271A281B005B346D /* AlertOk.swift */ = {isa = PBXFileReference; lastKnownFileType = sourcecode.swift; path = AlertOk.swift; sourceTree = "<group>"; };
		5048A22B271F625E005B346D /* TaskModel.swift */ = {isa = PBXFileReference; lastKnownFileType = sourcecode.swift; path = TaskModel.swift; sourceTree = "<group>"; };
		505C0C85270B851000D3C820 /* AlertDate.swift */ = {isa = PBXFileReference; lastKnownFileType = sourcecode.swift; path = AlertDate.swift; sourceTree = "<group>"; };
		505C0C87270B8D8800D3C820 /* AlertTime.swift */ = {isa = PBXFileReference; lastKnownFileType = sourcecode.swift; path = AlertTime.swift; sourceTree = "<group>"; };
		505C0C89270B8F3100D3C820 /* AlertForCellName.swift */ = {isa = PBXFileReference; lastKnownFileType = sourcecode.swift; path = AlertForCellName.swift; sourceTree = "<group>"; };
		505C0C8B270B91D100D3C820 /* ScheduleColorsViewController.swift */ = {isa = PBXFileReference; lastKnownFileType = sourcecode.swift; path = ScheduleColorsViewController.swift; sourceTree = "<group>"; };
		505C0C91270B94AF00D3C820 /* UIAlertController.swift */ = {isa = PBXFileReference; lastKnownFileType = sourcecode.swift; path = UIAlertController.swift; sourceTree = "<group>"; };
		505C0C93270B98CC00D3C820 /* ColorsTableViewCell.swift */ = {isa = PBXFileReference; lastKnownFileType = sourcecode.swift; path = ColorsTableViewCell.swift; sourceTree = "<group>"; };
		5090491E2707A3860069110A /* ScheduleOptionsTableViewController.swift */ = {isa = PBXFileReference; lastKnownFileType = sourcecode.swift; path = ScheduleOptionsTableViewController.swift; sourceTree = "<group>"; };
		509049262707A67F0069110A /* OptionsTableViewCell.swift */ = {isa = PBXFileReference; lastKnownFileType = sourcecode.swift; path = OptionsTableViewCell.swift; sourceTree = "<group>"; };
		509AD8AB27064D93005F21C9 /* UILabel.swift */ = {isa = PBXFileReference; lastKnownFileType = sourcecode.swift; path = UILabel.swift; sourceTree = "<group>"; };
		509AD8AD27065201005F21C9 /* UIFont.swift */ = {isa = PBXFileReference; lastKnownFileType = sourcecode.swift; path = UIFont.swift; sourceTree = "<group>"; };
		509AD8AF27065926005F21C9 /* TasksTableViewCell.swift */ = {isa = PBXFileReference; lastKnownFileType = sourcecode.swift; path = TasksTableViewCell.swift; sourceTree = "<group>"; };
		509AD8B227066184005F21C9 /* PressButtonProtocols.swift */ = {isa = PBXFileReference; lastKnownFileType = sourcecode.swift; path = PressButtonProtocols.swift; sourceTree = "<group>"; };
		509C2B812718A68C00898FA3 /* ContactsOptionsTableViewController.swift */ = {isa = PBXFileReference; lastKnownFileType = sourcecode.swift; path = ContactsOptionsTableViewController.swift; sourceTree = "<group>"; };
		509C2B832718A6E100898FA3 /* TeachersViewController.swift */ = {isa = PBXFileReference; lastKnownFileType = sourcecode.swift; path = TeachersViewController.swift; sourceTree = "<group>"; };
		509C2B852718C9C300898FA3 /* AlertFriendOrTeacher.swift */ = {isa = PBXFileReference; lastKnownFileType = sourcecode.swift; path = AlertFriendOrTeacher.swift; sourceTree = "<group>"; };
		509C2B87271A0B1E00898FA3 /* AlertPhotoCamera.swift */ = {isa = PBXFileReference; lastKnownFileType = sourcecode.swift; path = AlertPhotoCamera.swift; sourceTree = "<group>"; };
		50B31534270269BA00F53349 /* ScheduleTableViewCell.swift */ = {isa = PBXFileReference; lastKnownFileType = sourcecode.swift; path = ScheduleTableViewCell.swift; sourceTree = "<group>"; };
		50CD6E312703BE7B00A2E9F6 /* UIStackView.swift */ = {isa = PBXFileReference; lastKnownFileType = sourcecode.swift; path = UIStackView.swift; sourceTree = "<group>"; };
		50F9D30227023A93008FF938 /* MySchedule.app */ = {isa = PBXFileReference; explicitFileType = wrapper.application; includeInIndex = 0; path = MySchedule.app; sourceTree = BUILT_PRODUCTS_DIR; };
		50F9D30527023A93008FF938 /* AppDelegate.swift */ = {isa = PBXFileReference; lastKnownFileType = sourcecode.swift; path = AppDelegate.swift; sourceTree = "<group>"; };
		50F9D30927023A93008FF938 /* MainTabBarController.swift */ = {isa = PBXFileReference; lastKnownFileType = sourcecode.swift; path = MainTabBarController.swift; sourceTree = "<group>"; };
		50F9D30E27023A9C008FF938 /* Assets.xcassets */ = {isa = PBXFileReference; lastKnownFileType = folder.assetcatalog; path = Assets.xcassets; sourceTree = "<group>"; };
		50F9D31127023A9C008FF938 /* Base */ = {isa = PBXFileReference; lastKnownFileType = file.storyboard; name = Base; path = Base.lproj/LaunchScreen.storyboard; sourceTree = "<group>"; };
		50F9D31327023A9C008FF938 /* Info.plist */ = {isa = PBXFileReference; lastKnownFileType = text.plist.xml; path = Info.plist; sourceTree = "<group>"; };
		6A94D2F7D876C13E029FF95F /* Pods-MySchedule.release.xcconfig */ = {isa = PBXFileReference; includeInIndex = 1; lastKnownFileType = text.xcconfig; name = "Pods-MySchedule.release.xcconfig"; path = "Target Support Files/Pods-MySchedule/Pods-MySchedule.release.xcconfig"; sourceTree = "<group>"; };
		7239618E38BE6EB8439677D9 /* Pods_MySchedule.framework */ = {isa = PBXFileReference; explicitFileType = wrapper.framework; includeInIndex = 0; path = Pods_MySchedule.framework; sourceTree = BUILT_PRODUCTS_DIR; };
		D1DCF991B4F9BC5DAC0EA70E /* Pods-MySchedule.debug.xcconfig */ = {isa = PBXFileReference; includeInIndex = 1; lastKnownFileType = text.xcconfig; name = "Pods-MySchedule.debug.xcconfig"; path = "Target Support Files/Pods-MySchedule/Pods-MySchedule.debug.xcconfig"; sourceTree = "<group>"; };
/* End PBXFileReference section */

/* Begin PBXFrameworksBuildPhase section */
		50F9D2FF27023A93008FF938 /* Frameworks */ = {
			isa = PBXFrameworksBuildPhase;
			buildActionMask = 2147483647;
			files = (
				B2AE446FCC7CC3737BDD0E20 /* Pods_MySchedule.framework in Frameworks */,
			);
			runOnlyForDeploymentPostprocessing = 0;
		};
/* End PBXFrameworksBuildPhase section */

/* Begin PBXGroup section */
		501B171927023C7300280F51 /* Application */ = {
			isa = PBXGroup;
			children = (
				50F9D30527023A93008FF938 /* AppDelegate.swift */,
				501B17222702549800280F51 /* SceneDelegate.swift */,
			);
			path = Application;
			sourceTree = "<group>";
		};
		501B171A27023C8B00280F51 /* Controllers */ = {
			isa = PBXGroup;
			children = (
				50F9D30927023A93008FF938 /* MainTabBarController.swift */,
				509049202707A3930069110A /* Schedule */,
				509049212707A3A50069110A /* Tasks */,
				509049222707A3AA0069110A /* Contacts */,
			);
			path = Controllers;
			sourceTree = "<group>";
		};
		501B171B27023CB100280F51 /* Resources */ = {
			isa = PBXGroup;
			children = (
				50F9D30E27023A9C008FF938 /* Assets.xcassets */,
				50F9D31027023A9C008FF938 /* LaunchScreen.storyboard */,
				50F9D31327023A9C008FF938 /* Info.plist */,
			);
			path = Resources;
			sourceTree = "<group>";
		};
		5048A221271A135F005B346D /* Realm */ = {
			isa = PBXGroup;
			children = (
				5048A222271A1377005B346D /* ScheduleModel.swift */,
				5048A22B271F625E005B346D /* TaskModel.swift */,
			);
			path = Realm;
			sourceTree = "<group>";
		};
		5048A224271A15D3005B346D /* Services */ = {
			isa = PBXGroup;
			children = (
				5048A225271A15E6005B346D /* RealmManager.swift */,
			);
			path = Services;
			sourceTree = "<group>";
		};
		505C0C84270B84FE00D3C820 /* Alert */ = {
			isa = PBXGroup;
			children = (
				505C0C85270B851000D3C820 /* AlertDate.swift */,
				505C0C87270B8D8800D3C820 /* AlertTime.swift */,
				505C0C89270B8F3100D3C820 /* AlertForCellName.swift */,
				509C2B852718C9C300898FA3 /* AlertFriendOrTeacher.swift */,
				509C2B87271A0B1E00898FA3 /* AlertPhotoCamera.swift */,
				5048A229271A281B005B346D /* AlertOk.swift */,
			);
			path = Alert;
			sourceTree = "<group>";
		};
		509049202707A3930069110A /* Schedule */ = {
			isa = PBXGroup;
			children = (
				501B171C2702503500280F51 /* ScheduleViewController.swift */,
				5090491E2707A3860069110A /* ScheduleOptionsTableViewController.swift */,
				505C0C8B270B91D100D3C820 /* ScheduleColorsViewController.swift */,
			);
			path = Schedule;
			sourceTree = "<group>";
		};
		509049212707A3A50069110A /* Tasks */ = {
			isa = PBXGroup;
			children = (
				501B171E2702504E00280F51 /* TasksViewController.swift */,
				500BBAAA271594E600A5DFAA /* TaskOptionsTableViewController.swift */,
				500BBAAE27159DD200A5DFAA /* TaskColorsTableViewController.swift */,
			);
			path = Tasks;
			sourceTree = "<group>";
		};
		509049222707A3AA0069110A /* Contacts */ = {
			isa = PBXGroup;
			children = (
				509C2B812718A68C00898FA3 /* ContactsOptionsTableViewController.swift */,
				500BBAB02715A54B00A5DFAA /* ContactsTableViewController.swift */,
				509C2B832718A6E100898FA3 /* TeachersViewController.swift */,
			);
			path = Contacts;
			sourceTree = "<group>";
		};
		509049232707A6540069110A /* Schedule */ = {
			isa = PBXGroup;
			children = (
				50B31534270269BA00F53349 /* ScheduleTableViewCell.swift */,
			);
			path = Schedule;
			sourceTree = "<group>";
		};
		509049242707A65B0069110A /* Tasks */ = {
			isa = PBXGroup;
			children = (
				509AD8AF27065926005F21C9 /* TasksTableViewCell.swift */,
			);
			path = Tasks;
			sourceTree = "<group>";
		};
		509049252707A65F0069110A /* Contacts */ = {
			isa = PBXGroup;
			children = (
				500BBAB22715A66F00A5DFAA /* ContactsTableViewCell.swift */,
			);
			path = Contacts;
			sourceTree = "<group>";
		};
		509AD8B127066174005F21C9 /* Protocols */ = {
			isa = PBXGroup;
			children = (
				509AD8B227066184005F21C9 /* PressButtonProtocols.swift */,
			);
			path = Protocols;
			sourceTree = "<group>";
		};
		50B315322702692B00F53349 /* Models */ = {
			isa = PBXGroup;
			children = (
				5048A221271A135F005B346D /* Realm */,
				505C0C84270B84FE00D3C820 /* Alert */,
				50B315332702693600F53349 /* Cell */,
			);
			path = Models;
			sourceTree = "<group>";
		};
		50B315332702693600F53349 /* Cell */ = {
			isa = PBXGroup;
			children = (
				501B24012707ACA1005C034E /* HeaderOptionsTableViewCell.swift */,
				505C0C93270B98CC00D3C820 /* ColorsTableViewCell.swift */,
				509049262707A67F0069110A /* OptionsTableViewCell.swift */,
				509049232707A6540069110A /* Schedule */,
				509049242707A65B0069110A /* Tasks */,
				509049252707A65F0069110A /* Contacts */,
			);
			path = Cell;
			sourceTree = "<group>";
		};
		50CD6E2F2703BE6400A2E9F6 /* Extensions */ = {
			isa = PBXGroup;
			children = (
				50CD6E302703BE6C00A2E9F6 /* UIKit */,
			);
			path = Extensions;
			sourceTree = "<group>";
		};
		50CD6E302703BE6C00A2E9F6 /* UIKit */ = {
			isa = PBXGroup;
			children = (
				50CD6E312703BE7B00A2E9F6 /* UIStackView.swift */,
				509AD8AB27064D93005F21C9 /* UILabel.swift */,
				509AD8AD27065201005F21C9 /* UIFont.swift */,
				505C0C91270B94AF00D3C820 /* UIAlertController.swift */,
				5048A227271A2138005B346D /* UIColor.swift */,
			);
			path = UIKit;
			sourceTree = "<group>";
		};
		50F9D2F927023A93008FF938 = {
			isa = PBXGroup;
			children = (
				50F9D30427023A93008FF938 /* MySchedule */,
				50B315322702692B00F53349 /* Models */,
				5048A224271A15D3005B346D /* Services */,
				50CD6E2F2703BE6400A2E9F6 /* Extensions */,
				50F9D30327023A93008FF938 /* Products */,
				615C5878E0BA00F1BAE5DF19 /* Pods */,
				7875621D4519F89105062B92 /* Frameworks */,
			);
			sourceTree = "<group>";
		};
		50F9D30327023A93008FF938 /* Products */ = {
			isa = PBXGroup;
			children = (
				50F9D30227023A93008FF938 /* MySchedule.app */,
			);
			name = Products;
			sourceTree = "<group>";
		};
		50F9D30427023A93008FF938 /* MySchedule */ = {
			isa = PBXGroup;
			children = (
				509AD8B127066174005F21C9 /* Protocols */,
				501B171927023C7300280F51 /* Application */,
				501B171A27023C8B00280F51 /* Controllers */,
				501B171B27023CB100280F51 /* Resources */,
			);
			path = MySchedule;
			sourceTree = "<group>";
		};
		615C5878E0BA00F1BAE5DF19 /* Pods */ = {
			isa = PBXGroup;
			children = (
				D1DCF991B4F9BC5DAC0EA70E /* Pods-MySchedule.debug.xcconfig */,
				6A94D2F7D876C13E029FF95F /* Pods-MySchedule.release.xcconfig */,
			);
			path = Pods;
			sourceTree = "<group>";
		};
		7875621D4519F89105062B92 /* Frameworks */ = {
			isa = PBXGroup;
			children = (
				7239618E38BE6EB8439677D9 /* Pods_MySchedule.framework */,
			);
			name = Frameworks;
			sourceTree = "<group>";
		};
/* End PBXGroup section */

/* Begin PBXNativeTarget section */
		50F9D30127023A93008FF938 /* MySchedule */ = {
			isa = PBXNativeTarget;
			buildConfigurationList = 50F9D31627023A9C008FF938 /* Build configuration list for PBXNativeTarget "MySchedule" */;
			buildPhases = (
				32AE23CEDFB16B9035EE52DB /* [CP] Check Pods Manifest.lock */,
				50F9D2FE27023A93008FF938 /* Sources */,
				50F9D2FF27023A93008FF938 /* Frameworks */,
				50F9D30027023A93008FF938 /* Resources */,
				0974CF0A942023CD76F3B2ED /* [CP] Embed Pods Frameworks */,
			);
			buildRules = (
			);
			dependencies = (
			);
			name = MySchedule;
			productName = MySchedule;
			productReference = 50F9D30227023A93008FF938 /* MySchedule.app */;
			productType = "com.apple.product-type.application";
		};
/* End PBXNativeTarget section */

/* Begin PBXProject section */
		50F9D2FA27023A93008FF938 /* Project object */ = {
			isa = PBXProject;
			attributes = {
				LastSwiftUpdateCheck = 1250;
				LastUpgradeCheck = 1250;
				TargetAttributes = {
					50F9D30127023A93008FF938 = {
						CreatedOnToolsVersion = 12.5;
					};
				};
			};
			buildConfigurationList = 50F9D2FD27023A93008FF938 /* Build configuration list for PBXProject "MySchedule" */;
			compatibilityVersion = "Xcode 9.3";
			developmentRegion = en;
			hasScannedForEncodings = 0;
			knownRegions = (
				en,
				Base,
			);
			mainGroup = 50F9D2F927023A93008FF938;
			productRefGroup = 50F9D30327023A93008FF938 /* Products */;
			projectDirPath = "";
			projectRoot = "";
			targets = (
				50F9D30127023A93008FF938 /* MySchedule */,
			);
		};
/* End PBXProject section */

/* Begin PBXResourcesBuildPhase section */
		50F9D30027023A93008FF938 /* Resources */ = {
			isa = PBXResourcesBuildPhase;
			buildActionMask = 2147483647;
			files = (
				50F9D31227023A9C008FF938 /* LaunchScreen.storyboard in Resources */,
				50F9D30F27023A9C008FF938 /* Assets.xcassets in Resources */,
			);
			runOnlyForDeploymentPostprocessing = 0;
		};
/* End PBXResourcesBuildPhase section */

/* Begin PBXShellScriptBuildPhase section */
		0974CF0A942023CD76F3B2ED /* [CP] Embed Pods Frameworks */ = {
			isa = PBXShellScriptBuildPhase;
			buildActionMask = 2147483647;
			files = (
			);
			inputFileListPaths = (
				"${PODS_ROOT}/Target Support Files/Pods-MySchedule/Pods-MySchedule-frameworks-${CONFIGURATION}-input-files.xcfilelist",
			);
			name = "[CP] Embed Pods Frameworks";
			outputFileListPaths = (
				"${PODS_ROOT}/Target Support Files/Pods-MySchedule/Pods-MySchedule-frameworks-${CONFIGURATION}-output-files.xcfilelist",
			);
			runOnlyForDeploymentPostprocessing = 0;
			shellPath = /bin/sh;
			shellScript = "\"${PODS_ROOT}/Target Support Files/Pods-MySchedule/Pods-MySchedule-frameworks.sh\"\n";
			showEnvVarsInLog = 0;
		};
		32AE23CEDFB16B9035EE52DB /* [CP] Check Pods Manifest.lock */ = {
			isa = PBXShellScriptBuildPhase;
			buildActionMask = 2147483647;
			files = (
			);
			inputFileListPaths = (
			);
			inputPaths = (
				"${PODS_PODFILE_DIR_PATH}/Podfile.lock",
				"${PODS_ROOT}/Manifest.lock",
			);
			name = "[CP] Check Pods Manifest.lock";
			outputFileListPaths = (
			);
			outputPaths = (
				"$(DERIVED_FILE_DIR)/Pods-MySchedule-checkManifestLockResult.txt",
			);
			runOnlyForDeploymentPostprocessing = 0;
			shellPath = /bin/sh;
			shellScript = "diff \"${PODS_PODFILE_DIR_PATH}/Podfile.lock\" \"${PODS_ROOT}/Manifest.lock\" > /dev/null\nif [ $? != 0 ] ; then\n    # print error to STDERR\n    echo \"error: The sandbox is not in sync with the Podfile.lock. Run 'pod install' or update your CocoaPods installation.\" >&2\n    exit 1\nfi\n# This output is used by Xcode 'outputs' to avoid re-running this script phase.\necho \"SUCCESS\" > \"${SCRIPT_OUTPUT_FILE_0}\"\n";
			showEnvVarsInLog = 0;
		};
/* End PBXShellScriptBuildPhase section */

/* Begin PBXSourcesBuildPhase section */
		50F9D2FE27023A93008FF938 /* Sources */ = {
			isa = PBXSourcesBuildPhase;
			buildActionMask = 2147483647;
			files = (
				505C0C86270B851000D3C820 /* AlertDate.swift in Sources */,
				50B31535270269BA00F53349 /* ScheduleTableViewCell.swift in Sources */,
				501B171D2702503500280F51 /* ScheduleViewController.swift in Sources */,
				509C2B842718A6E100898FA3 /* TeachersViewController.swift in Sources */,
				501B171F2702504E00280F51 /* TasksViewController.swift in Sources */,
				50CD6E322703BE7B00A2E9F6 /* UIStackView.swift in Sources */,
				505C0C8A270B8F3100D3C820 /* AlertForCellName.swift in Sources */,
				509AD8AC27064D93005F21C9 /* UILabel.swift in Sources */,
				50F9D30A27023A93008FF938 /* MainTabBarController.swift in Sources */,
				50F9D30627023A93008FF938 /* AppDelegate.swift in Sources */,
				505C0C92270B94AF00D3C820 /* UIAlertController.swift in Sources */,
				509C2B862718C9C300898FA3 /* AlertFriendOrTeacher.swift in Sources */,
				509C2B822718A68C00898FA3 /* ContactsOptionsTableViewController.swift in Sources */,
				505C0C88270B8D8800D3C820 /* AlertTime.swift in Sources */,
				500BBAB32715A66F00A5DFAA /* ContactsTableViewCell.swift in Sources */,
				5048A22C271F625E005B346D /* TaskModel.swift in Sources */,
				509AD8AE27065201005F21C9 /* UIFont.swift in Sources */,
				505C0C94270B98CC00D3C820 /* ColorsTableViewCell.swift in Sources */,
				5048A226271A15E6005B346D /* RealmManager.swift in Sources */,
				501B17232702549800280F51 /* SceneDelegate.swift in Sources */,
				5048A223271A1377005B346D /* ScheduleModel.swift in Sources */,
				501B24022707ACA1005C034E /* HeaderOptionsTableViewCell.swift in Sources */,
				5048A228271A2138005B346D /* UIColor.swift in Sources */,
				500BBAB12715A54B00A5DFAA /* ContactsTableViewController.swift in Sources */,
				509C2B88271A0B1E00898FA3 /* AlertPhotoCamera.swift in Sources */,
				509AD8B027065926005F21C9 /* TasksTableViewCell.swift in Sources */,
				509049272707A67F0069110A /* OptionsTableViewCell.swift in Sources */,
				5048A22A271A281B005B346D /* AlertOk.swift in Sources */,
				509AD8B327066184005F21C9 /* PressButtonProtocols.swift in Sources */,
				505C0C8C270B91D100D3C820 /* ScheduleColorsViewController.swift in Sources */,
				500BBAAF27159DD200A5DFAA /* TaskColorsTableViewController.swift in Sources */,
				500BBAAB271594E600A5DFAA /* TaskOptionsTableViewController.swift in Sources */,
				5090491F2707A3860069110A /* ScheduleOptionsTableViewController.swift in Sources */,
			);
			runOnlyForDeploymentPostprocessing = 0;
		};
/* End PBXSourcesBuildPhase section */

/* Begin PBXVariantGroup section */
		50F9D31027023A9C008FF938 /* LaunchScreen.storyboard */ = {
			isa = PBXVariantGroup;
			children = (
				50F9D31127023A9C008FF938 /* Base */,
			);
			name = LaunchScreen.storyboard;
			sourceTree = "<group>";
		};
/* End PBXVariantGroup section */

/* Begin XCBuildConfiguration section */
		50F9D31427023A9C008FF938 /* Debug */ = {
			isa = XCBuildConfiguration;
			buildSettings = {
				ALWAYS_SEARCH_USER_PATHS = NO;
				CLANG_ANALYZER_NONNULL = YES;
				CLANG_ANALYZER_NUMBER_OBJECT_CONVERSION = YES_AGGRESSIVE;
				CLANG_CXX_LANGUAGE_STANDARD = "gnu++14";
				CLANG_CXX_LIBRARY = "libc++";
				CLANG_ENABLE_MODULES = YES;
				CLANG_ENABLE_OBJC_ARC = YES;
				CLANG_ENABLE_OBJC_WEAK = YES;
				CLANG_WARN_BLOCK_CAPTURE_AUTORELEASING = YES;
				CLANG_WARN_BOOL_CONVERSION = YES;
				CLANG_WARN_COMMA = YES;
				CLANG_WARN_CONSTANT_CONVERSION = YES;
				CLANG_WARN_DEPRECATED_OBJC_IMPLEMENTATIONS = YES;
				CLANG_WARN_DIRECT_OBJC_ISA_USAGE = YES_ERROR;
				CLANG_WARN_DOCUMENTATION_COMMENTS = YES;
				CLANG_WARN_EMPTY_BODY = YES;
				CLANG_WARN_ENUM_CONVERSION = YES;
				CLANG_WARN_INFINITE_RECURSION = YES;
				CLANG_WARN_INT_CONVERSION = YES;
				CLANG_WARN_NON_LITERAL_NULL_CONVERSION = YES;
				CLANG_WARN_OBJC_IMPLICIT_RETAIN_SELF = YES;
				CLANG_WARN_OBJC_LITERAL_CONVERSION = YES;
				CLANG_WARN_OBJC_ROOT_CLASS = YES_ERROR;
				CLANG_WARN_QUOTED_INCLUDE_IN_FRAMEWORK_HEADER = YES;
				CLANG_WARN_RANGE_LOOP_ANALYSIS = YES;
				CLANG_WARN_STRICT_PROTOTYPES = YES;
				CLANG_WARN_SUSPICIOUS_MOVE = YES;
				CLANG_WARN_UNGUARDED_AVAILABILITY = YES_AGGRESSIVE;
				CLANG_WARN_UNREACHABLE_CODE = YES;
				CLANG_WARN__DUPLICATE_METHOD_MATCH = YES;
				COPY_PHASE_STRIP = NO;
				DEBUG_INFORMATION_FORMAT = dwarf;
				ENABLE_STRICT_OBJC_MSGSEND = YES;
				ENABLE_TESTABILITY = YES;
				GCC_C_LANGUAGE_STANDARD = gnu11;
				GCC_DYNAMIC_NO_PIC = NO;
				GCC_NO_COMMON_BLOCKS = YES;
				GCC_OPTIMIZATION_LEVEL = 0;
				GCC_PREPROCESSOR_DEFINITIONS = (
					"DEBUG=1",
					"$(inherited)",
				);
				GCC_WARN_64_TO_32_BIT_CONVERSION = YES;
				GCC_WARN_ABOUT_RETURN_TYPE = YES_ERROR;
				GCC_WARN_UNDECLARED_SELECTOR = YES;
				GCC_WARN_UNINITIALIZED_AUTOS = YES_AGGRESSIVE;
				GCC_WARN_UNUSED_FUNCTION = YES;
				GCC_WARN_UNUSED_VARIABLE = YES;
				IPHONEOS_DEPLOYMENT_TARGET = 14.5;
				MTL_ENABLE_DEBUG_INFO = INCLUDE_SOURCE;
				MTL_FAST_MATH = YES;
				ONLY_ACTIVE_ARCH = YES;
				SDKROOT = iphoneos;
				SWIFT_ACTIVE_COMPILATION_CONDITIONS = DEBUG;
				SWIFT_OPTIMIZATION_LEVEL = "-Onone";
			};
			name = Debug;
		};
		50F9D31527023A9C008FF938 /* Release */ = {
			isa = XCBuildConfiguration;
			buildSettings = {
				ALWAYS_SEARCH_USER_PATHS = NO;
				CLANG_ANALYZER_NONNULL = YES;
				CLANG_ANALYZER_NUMBER_OBJECT_CONVERSION = YES_AGGRESSIVE;
				CLANG_CXX_LANGUAGE_STANDARD = "gnu++14";
				CLANG_CXX_LIBRARY = "libc++";
				CLANG_ENABLE_MODULES = YES;
				CLANG_ENABLE_OBJC_ARC = YES;
				CLANG_ENABLE_OBJC_WEAK = YES;
				CLANG_WARN_BLOCK_CAPTURE_AUTORELEASING = YES;
				CLANG_WARN_BOOL_CONVERSION = YES;
				CLANG_WARN_COMMA = YES;
				CLANG_WARN_CONSTANT_CONVERSION = YES;
				CLANG_WARN_DEPRECATED_OBJC_IMPLEMENTATIONS = YES;
				CLANG_WARN_DIRECT_OBJC_ISA_USAGE = YES_ERROR;
				CLANG_WARN_DOCUMENTATION_COMMENTS = YES;
				CLANG_WARN_EMPTY_BODY = YES;
				CLANG_WARN_ENUM_CONVERSION = YES;
				CLANG_WARN_INFINITE_RECURSION = YES;
				CLANG_WARN_INT_CONVERSION = YES;
				CLANG_WARN_NON_LITERAL_NULL_CONVERSION = YES;
				CLANG_WARN_OBJC_IMPLICIT_RETAIN_SELF = YES;
				CLANG_WARN_OBJC_LITERAL_CONVERSION = YES;
				CLANG_WARN_OBJC_ROOT_CLASS = YES_ERROR;
				CLANG_WARN_QUOTED_INCLUDE_IN_FRAMEWORK_HEADER = YES;
				CLANG_WARN_RANGE_LOOP_ANALYSIS = YES;
				CLANG_WARN_STRICT_PROTOTYPES = YES;
				CLANG_WARN_SUSPICIOUS_MOVE = YES;
				CLANG_WARN_UNGUARDED_AVAILABILITY = YES_AGGRESSIVE;
				CLANG_WARN_UNREACHABLE_CODE = YES;
				CLANG_WARN__DUPLICATE_METHOD_MATCH = YES;
				COPY_PHASE_STRIP = NO;
				DEBUG_INFORMATION_FORMAT = "dwarf-with-dsym";
				ENABLE_NS_ASSERTIONS = NO;
				ENABLE_STRICT_OBJC_MSGSEND = YES;
				GCC_C_LANGUAGE_STANDARD = gnu11;
				GCC_NO_COMMON_BLOCKS = YES;
				GCC_WARN_64_TO_32_BIT_CONVERSION = YES;
				GCC_WARN_ABOUT_RETURN_TYPE = YES_ERROR;
				GCC_WARN_UNDECLARED_SELECTOR = YES;
				GCC_WARN_UNINITIALIZED_AUTOS = YES_AGGRESSIVE;
				GCC_WARN_UNUSED_FUNCTION = YES;
				GCC_WARN_UNUSED_VARIABLE = YES;
				IPHONEOS_DEPLOYMENT_TARGET = 14.5;
				MTL_ENABLE_DEBUG_INFO = NO;
				MTL_FAST_MATH = YES;
				SDKROOT = iphoneos;
				SWIFT_COMPILATION_MODE = wholemodule;
				SWIFT_OPTIMIZATION_LEVEL = "-O";
				VALIDATE_PRODUCT = YES;
			};
			name = Release;
		};
		50F9D31727023A9C008FF938 /* Debug */ = {
			isa = XCBuildConfiguration;
			baseConfigurationReference = D1DCF991B4F9BC5DAC0EA70E /* Pods-MySchedule.debug.xcconfig */;
			buildSettings = {
				ASSETCATALOG_COMPILER_APPICON_NAME = AppIcon;
				ASSETCATALOG_COMPILER_GLOBAL_ACCENT_COLOR_NAME = AccentColor;
				CODE_SIGN_STYLE = Automatic;
				INFOPLIST_FILE = MySchedule/Resources/Info.plist;
				LD_RUNPATH_SEARCH_PATHS = (
					"$(inherited)",
					"@executable_path/Frameworks",
				);
				MARKETING_VERSION = 1.0.0;
				PRODUCT_BUNDLE_IDENTIFIER = "com.max-dev.MySchedule";
				PRODUCT_NAME = "$(TARGET_NAME)";
				SWIFT_VERSION = 5.0;
				TARGETED_DEVICE_FAMILY = "1,2";
			};
			name = Debug;
		};
		50F9D31827023A9C008FF938 /* Release */ = {
			isa = XCBuildConfiguration;
			baseConfigurationReference = 6A94D2F7D876C13E029FF95F /* Pods-MySchedule.release.xcconfig */;
			buildSettings = {
				ASSETCATALOG_COMPILER_APPICON_NAME = AppIcon;
				ASSETCATALOG_COMPILER_GLOBAL_ACCENT_COLOR_NAME = AccentColor;
				CODE_SIGN_STYLE = Automatic;
				INFOPLIST_FILE = MySchedule/Resources/Info.plist;
				LD_RUNPATH_SEARCH_PATHS = (
					"$(inherited)",
					"@executable_path/Frameworks",
				);
				MARKETING_VERSION = 1.0.0;
				PRODUCT_BUNDLE_IDENTIFIER = "com.max-dev.MySchedule";
				PRODUCT_NAME = "$(TARGET_NAME)";
				SWIFT_VERSION = 5.0;
				TARGETED_DEVICE_FAMILY = "1,2";
			};
			name = Release;
		};
/* End XCBuildConfiguration section */

/* Begin XCConfigurationList section */
		50F9D2FD27023A93008FF938 /* Build configuration list for PBXProject "MySchedule" */ = {
			isa = XCConfigurationList;
			buildConfigurations = (
				50F9D31427023A9C008FF938 /* Debug */,
				50F9D31527023A9C008FF938 /* Release */,
			);
			defaultConfigurationIsVisible = 0;
			defaultConfigurationName = Release;
		};
		50F9D31627023A9C008FF938 /* Build configuration list for PBXNativeTarget "MySchedule" */ = {
			isa = XCConfigurationList;
			buildConfigurations = (
				50F9D31727023A9C008FF938 /* Debug */,
				50F9D31827023A9C008FF938 /* Release */,
			);
			defaultConfigurationIsVisible = 0;
			defaultConfigurationName = Release;
		};
/* End XCConfigurationList section */
	};
	rootObject = 50F9D2FA27023A93008FF938 /* Project object */;
}
